
Microsoft Visual Studio Solution File, Format Version 12.00
Project("{FAE04EC0-301F-11D3-BF4B-00C04F79EFBC}") = "Lab1", "Lab1\Lab1.csproj", "{44667B7F-A354-4E30-AD76-5C8A090A37FD}"
EndProject
Global
	GlobalSection(SolutionConfigurationPlatforms) = preSolution
		Debug|Any CPU = Debug|Any CPU
		Release|Any CPU = Release|Any CPU
	EndGlobalSection
	GlobalSection(ProjectConfigurationPlatforms) = postSolution
		{44667B7F-A354-4E30-AD76-5C8A090A37FD}.Debug|Any CPU.ActiveCfg = Debug|Any CPU
		{44667B7F-A354-4E30-AD76-5C8A090A37FD}.Debug|Any CPU.Build.0 = Debug|Any CPU
		{44667B7F-A354-4E30-AD76-5C8A090A37FD}.Release|Any CPU.ActiveCfg = Release|Any CPU
		{44667B7F-A354-4E30-AD76-5C8A090A37FD}.Release|Any CPU.Build.0 = Release|Any CPU
	EndGlobalSection
EndGlobal
